
Microsoft Visual Studio Solution File, Format Version 12.00
# Visual Studio Version 17
VisualStudioVersion = 17.10.35122.118
MinimumVisualStudioVersion = 10.0.40219.1
Project("{F184B08F-C81C-45F6-A57F-5ABD9991F28F}") = "loancalcu", "loancalcu\loancalcu.vbproj", "{41F220FF-1CBE-4FC3-8265-549AAFB792F0}"
EndProject
Global
	GlobalSection(SolutionConfigurationPlatforms) = preSolution
		Debug|Any CPU = Debug|Any CPU
		Release|Any CPU = Release|Any CPU
	EndGlobalSection
	GlobalSection(ProjectConfigurationPlatforms) = postSolution
		{41F220FF-1CBE-4FC3-8265-549AAFB792F0}.Debug|Any CPU.ActiveCfg = Debug|Any CPU
		{41F220FF-1CBE-4FC3-8265-549AAFB792F0}.Debug|Any CPU.Build.0 = Debug|Any CPU
		{41F220FF-1CBE-4FC3-8265-549AAFB792F0}.Release|Any CPU.ActiveCfg = Release|Any CPU
		{41F220FF-1CBE-4FC3-8265-549AAFB792F0}.Release|Any CPU.Build.0 = Release|Any CPU
	EndGlobalSection
	GlobalSection(SolutionProperties) = preSolution
		HideSolutionNode = FALSE
	EndGlobalSection
	GlobalSection(ExtensibilityGlobals) = postSolution
		SolutionGuid = {71F20F83-AAB8-4D6F-AA25-D008FF6C1A86}
	EndGlobalSection
EndGlobal
